
Microsoft Visual Studio Solution File, Format Version 12.00
# Visual Studio Version 17
VisualStudioVersion = 17.12.35506.116
MinimumVisualStudioVersion = 10.0.40219.1
Project("{FAE04EC0-301F-11D3-BF4B-00C04F79EFBC}") = "QLBanDoAnNhanh", "src\QLBanDoAnNhanh\QLBanDoAnNhanh.csproj", "{8925203D-07F9-4786-A782-AFCFE48F5DDB}"
EndProject
Project("{FAE04EC0-301F-11D3-BF4B-00C04F79EFBC}") = "QLBanDoAnNhanh.Tests", "tests\QLBanDoAnNhanh.Tests\QLBanDoAnNhanh.Tests.csproj", "{C710BD5A-CC83-4248-AD4C-9024AC7FBFC6}"
EndProject
Project("{FAE04EC0-301F-11D3-BF4B-00C04F79EFBC}") = "QLBanDoAnNhanh.DAL", "QLBanDoAnNhanh.DAL\QLBanDoAnNhanh.DAL.csproj", "{9AB22D88-F287-4729-93C5-863855148927}"
EndProject
Project("{FAE04EC0-301F-11D3-BF4B-00C04F79EFBC}") = "QLBanDoAnNhanh.BLL", "QLBanDoAnNhanh.BLL\QLBanDoAnNhanh.BLL.csproj", "{7C250138-8479-4575-8DAA-3EEA1AB6BD78}"
EndProject
Project("{2150E333-8FDC-42A3-9474-1A3956D46DE8}") = "Database", "Database", "{7FCC72DD-8A45-47F4-A126-AB461E9B7653}"
	ProjectSection(SolutionItems) = preProject
		PosFastFoods.sql = PosFastFoods.sql
	EndProjectSection
EndProject
Global
	GlobalSection(SolutionConfigurationPlatforms) = preSolution
		Debug|Any CPU = Debug|Any CPU
		Release|Any CPU = Release|Any CPU
	EndGlobalSection
	GlobalSection(ProjectConfigurationPlatforms) = postSolution
		{8925203D-07F9-4786-A782-AFCFE48F5DDB}.Debug|Any CPU.ActiveCfg = Debug|Any CPU
		{8925203D-07F9-4786-A782-AFCFE48F5DDB}.Debug|Any CPU.Build.0 = Debug|Any CPU
		{8925203D-07F9-4786-A782-AFCFE48F5DDB}.Release|Any CPU.ActiveCfg = Release|Any CPU
		{8925203D-07F9-4786-A782-AFCFE48F5DDB}.Release|Any CPU.Build.0 = Release|Any CPU
		{C710BD5A-CC83-4248-AD4C-9024AC7FBFC6}.Debug|Any CPU.ActiveCfg = Debug|Any CPU
		{C710BD5A-CC83-4248-AD4C-9024AC7FBFC6}.Debug|Any CPU.Build.0 = Debug|Any CPU
		{C710BD5A-CC83-4248-AD4C-9024AC7FBFC6}.Release|Any CPU.ActiveCfg = Release|Any CPU
		{C710BD5A-CC83-4248-AD4C-9024AC7FBFC6}.Release|Any CPU.Build.0 = Release|Any CPU
		{9AB22D88-F287-4729-93C5-863855148927}.Debug|Any CPU.ActiveCfg = Debug|Any CPU
		{9AB22D88-F287-4729-93C5-863855148927}.Debug|Any CPU.Build.0 = Debug|Any CPU
		{9AB22D88-F287-4729-93C5-863855148927}.Release|Any CPU.ActiveCfg = Release|Any CPU
		{9AB22D88-F287-4729-93C5-863855148927}.Release|Any CPU.Build.0 = Release|Any CPU
		{7C250138-8479-4575-8DAA-3EEA1AB6BD78}.Debug|Any CPU.ActiveCfg = Debug|Any CPU
		{7C250138-8479-4575-8DAA-3EEA1AB6BD78}.Debug|Any CPU.Build.0 = Debug|Any CPU
		{7C250138-8479-4575-8DAA-3EEA1AB6BD78}.Release|Any CPU.ActiveCfg = Release|Any CPU
		{7C250138-8479-4575-8DAA-3EEA1AB6BD78}.Release|Any CPU.Build.0 = Release|Any CPU
	EndGlobalSection
	GlobalSection(SolutionProperties) = preSolution
		HideSolutionNode = FALSE
	EndGlobalSection
EndGlobal
